// !$*UTF8*$!
{
	archiveVersion = 1;
	classes = {
	};
	objectVersion = 46;
	objects = {

/* Begin PBXFileReference section */
		82C93D101B95FE6600DC42CD /* en */ = {isa = PBXFileReference; lastKnownFileType = sourcecode.javascript; name = en; path = en.lproj/modernizr.js; sourceTree = "<group>"; };
		82E2CBDE1B95E044009A26D9 /* en */ = {isa = PBXFileReference; lastKnownFileType = text.html; name = en; path = en.lproj/html.html; sourceTree = "<group>"; };
/* End PBXFileReference section */

/* Begin PBXGroup section */
		82E2CBD61B95E014009A26D9 = {
			isa = PBXGroup;
			children = (
				82E2CBDF1B95E044009A26D9 /* html.html */,
				82C93D0F1B95FE6600DC42CD /* modernizr.js */,
			);
			sourceTree = "<group>";
		};
/* End PBXGroup section */

/* Begin PBXProject section */
		82E2CBD71B95E014009A26D9 /* Project object */ = {
			isa = PBXProject;
			attributes = {
				LastUpgradeCheck = 0640;
			};
			buildConfigurationList = 82E2CBDA1B95E014009A26D9 /* Build configuration list for PBXProject "html" */;
			compatibilityVersion = "Xcode 3.2";
			developmentRegion = English;
			hasScannedForEncodings = 0;
			knownRegions = (
				en,
			);
			mainGroup = 82E2CBD61B95E014009A26D9;
			projectDirPath = "";
			projectRoot = "";
			targets = (
			);
		};
/* End PBXProject section */

/* Begin PBXVariantGroup section */
		82C93D0F1B95FE6600DC42CD /* modernizr.js */ = {
			isa = PBXVariantGroup;
			children = (
				82C93D101B95FE6600DC42CD /* en */,
			);
			name = modernizr.js;
			sourceTree = "<group>";
		};
		82E2CBDF1B95E044009A26D9 /* html.html */ = {
			isa = PBXVariantGroup;
			children = (
				82E2CBDE1B95E044009A26D9 /* en */,
			);
			name = html.html;
			sourceTree = "<group>";
		};
/* End PBXVariantGroup section */

/* Begin XCBuildConfiguration section */
		82E2CBDB1B95E014009A26D9 /* Debug */ = {
			isa = XCBuildConfiguration;
			buildSettings = {
			};
			name = Debug;
		};
		82E2CBDC1B95E014009A26D9 /* Release */ = {
			isa = XCBuildConfiguration;
			buildSettings = {
			};
			name = Release;
		};
/* End XCBuildConfiguration section */

/* Begin XCConfigurationList section */
		82E2CBDA1B95E014009A26D9 /* Build configuration list for PBXProject "html" */ = {
			isa = XCConfigurationList;
			buildConfigurations = (
				82E2CBDB1B95E014009A26D9 /* Debug */,
				82E2CBDC1B95E014009A26D9 /* Release */,
			);
			defaultConfigurationIsVisible = 0;
			defaultConfigurationName = Release;
		};
/* End XCConfigurationList section */
	};
	rootObject = 82E2CBD71B95E014009A26D9 /* Project object */;
}
